// !$*UTF8*$!
{
	archiveVersion = 1;
	classes = {
	};
	objectVersion = 46;
	objects = {

/* Begin PBXBuildFile section */
		A93B3E6D1BFCE7BC0003A3A6 /* OpenAL.framework in Frameworks */ = {isa = PBXBuildFile; fileRef = A93B3E6C1BFCE7BC0003A3A6 /* OpenAL.framework */; };
		A93B3E771BFCF77F0003A3A6 /* Sound.cpp in Sources */ = {isa = PBXBuildFile; fileRef = A93B3E751BFCF77F0003A3A6 /* Sound.cpp */; settings = {ASSET_TAGS = (); }; };
		A9FCC54C1BD72D1D00FCC3DA /* main.cpp in Sources */ = {isa = PBXBuildFile; fileRef = A9FCC54B1BD72D1D00FCC3DA /* main.cpp */; };
		A9FCC5531BD72D2900FCC3DA /* GLUT.framework in Frameworks */ = {isa = PBXBuildFile; fileRef = A9FCC5521BD72D2900FCC3DA /* GLUT.framework */; };
		A9FCC5551BD72D2F00FCC3DA /* OpenGL.framework in Frameworks */ = {isa = PBXBuildFile; fileRef = A9FCC5541BD72D2F00FCC3DA /* OpenGL.framework */; };
/* End PBXBuildFile section */

/* Begin PBXCopyFilesBuildPhase section */
		A9FCC5461BD72D1D00FCC3DA /* CopyFiles */ = {
			isa = PBXCopyFilesBuildPhase;
			buildActionMask = 2147483647;
			dstPath = /usr/share/man/man1/;
			dstSubfolderSpec = 0;
			files = (
			);
			runOnlyForDeploymentPostprocessing = 1;
		};
/* End PBXCopyFilesBuildPhase section */

/* Begin PBXFileReference section */
		0A80B3291BF3ACB300967C91 /* invader.h */ = {isa = PBXFileReference; lastKnownFileType = sourcecode.c.h; path = invader.h; sourceTree = "<group>"; };
		A93B3E6C1BFCE7BC0003A3A6 /* OpenAL.framework */ = {isa = PBXFileReference; lastKnownFileType = wrapper.framework; name = OpenAL.framework; path = System/Library/Frameworks/OpenAL.framework; sourceTree = SDKROOT; };
		A93B3E731BFCECA50003A3A6 /* Lateralus.wav */ = {isa = PBXFileReference; lastKnownFileType = audio.wav; path = Lateralus.wav; sourceTree = "<group>"; };
		A93B3E751BFCF77F0003A3A6 /* Sound.cpp */ = {isa = PBXFileReference; fileEncoding = 4; lastKnownFileType = sourcecode.cpp.cpp; path = Sound.cpp; sourceTree = "<group>"; };
		A93B3E761BFCF77F0003A3A6 /* Sound.h */ = {isa = PBXFileReference; fileEncoding = 4; lastKnownFileType = sourcecode.c.h; path = Sound.h; sourceTree = "<group>"; };
		A9FCC5481BD72D1D00FCC3DA /* SeedInvaders */ = {isa = PBXFileReference; explicitFileType = "compiled.mach-o.executable"; includeInIndex = 0; path = SeedInvaders; sourceTree = BUILT_PRODUCTS_DIR; };
		A9FCC54B1BD72D1D00FCC3DA /* main.cpp */ = {isa = PBXFileReference; lastKnownFileType = sourcecode.cpp.cpp; path = main.cpp; sourceTree = "<group>"; };
		A9FCC5521BD72D2900FCC3DA /* GLUT.framework */ = {isa = PBXFileReference; lastKnownFileType = wrapper.framework; name = GLUT.framework; path = System/Library/Frameworks/GLUT.framework; sourceTree = SDKROOT; };
		A9FCC5541BD72D2F00FCC3DA /* OpenGL.framework */ = {isa = PBXFileReference; lastKnownFileType = wrapper.framework; name = OpenGL.framework; path = System/Library/Frameworks/OpenGL.framework; sourceTree = SDKROOT; };
/* End PBXFileReference section */

/* Begin PBXFrameworksBuildPhase section */
		A9FCC5451BD72D1D00FCC3DA /* Frameworks */ = {
			isa = PBXFrameworksBuildPhase;
			buildActionMask = 2147483647;
			files = (
				A93B3E6D1BFCE7BC0003A3A6 /* OpenAL.framework in Frameworks */,
				A9FCC5551BD72D2F00FCC3DA /* OpenGL.framework in Frameworks */,
				A9FCC5531BD72D2900FCC3DA /* GLUT.framework in Frameworks */,
			);
			runOnlyForDeploymentPostprocessing = 0;
		};
/* End PBXFrameworksBuildPhase section */

/* Begin PBXGroup section */
		A9FCC53F1BD72D1D00FCC3DA = {
			isa = PBXGroup;
			children = (
				A93B3E6C1BFCE7BC0003A3A6 /* OpenAL.framework */,
				A9FCC5541BD72D2F00FCC3DA /* OpenGL.framework */,
				A9FCC5521BD72D2900FCC3DA /* GLUT.framework */,
				A9FCC54A1BD72D1D00FCC3DA /* SeedInvaders */,
				A9FCC5491BD72D1D00FCC3DA /* Products */,
			);
			sourceTree = "<group>";
		};
		A9FCC5491BD72D1D00FCC3DA /* Products */ = {
			isa = PBXGroup;
			children = (
				A9FCC5481BD72D1D00FCC3DA /* SeedInvaders */,
			);
			name = Products;
			sourceTree = "<group>";
		};
		A9FCC54A1BD72D1D00FCC3DA /* SeedInvaders */ = {
			isa = PBXGroup;
			children = (
				A93B3E751BFCF77F0003A3A6 /* Sound.cpp */,
				A93B3E761BFCF77F0003A3A6 /* Sound.h */,
				A93B3E731BFCECA50003A3A6 /* Lateralus.wav */,
				A9FCC54B1BD72D1D00FCC3DA /* main.cpp */,
				0A80B3291BF3ACB300967C91 /* invader.h */,
			);
			path = SeedInvaders;
			sourceTree = "<group>";
		};
/* End PBXGroup section */

/* Begin PBXNativeTarget section */
		A9FCC5471BD72D1D00FCC3DA /* SeedInvaders */ = {
			isa = PBXNativeTarget;
			buildConfigurationList = A9FCC54F1BD72D1D00FCC3DA /* Build configuration list for PBXNativeTarget "SeedInvaders" */;
			buildPhases = (
				A9FCC5441BD72D1D00FCC3DA /* Sources */,
				A9FCC5451BD72D1D00FCC3DA /* Frameworks */,
				A9FCC5461BD72D1D00FCC3DA /* CopyFiles */,
			);
			buildRules = (
			);
			dependencies = (
			);
			name = SeedInvaders;
			productName = SeedInvaders;
			productReference = A9FCC5481BD72D1D00FCC3DA /* SeedInvaders */;
			productType = "com.apple.product-type.tool";
		};
/* End PBXNativeTarget section */

/* Begin PBXProject section */
		A9FCC5401BD72D1D00FCC3DA /* Project object */ = {
			isa = PBXProject;
			attributes = {
				LastUpgradeCheck = 0700;
				ORGANIZATIONNAME = "Marco Ramirez";
				TargetAttributes = {
					A9FCC5471BD72D1D00FCC3DA = {
						CreatedOnToolsVersion = 7.0.1;
					};
				};
			};
			buildConfigurationList = A9FCC5431BD72D1D00FCC3DA /* Build configuration list for PBXProject "SeedInvaders" */;
			compatibilityVersion = "Xcode 3.2";
			developmentRegion = English;
			hasScannedForEncodings = 0;
			knownRegions = (
				en,
			);
			mainGroup = A9FCC53F1BD72D1D00FCC3DA;
			productRefGroup = A9FCC5491BD72D1D00FCC3DA /* Products */;
			projectDirPath = "";
			projectRoot = "";
			targets = (
				A9FCC5471BD72D1D00FCC3DA /* SeedInvaders */,
			);
		};
/* End PBXProject section */

/* Begin PBXSourcesBuildPhase section */
		A9FCC5441BD72D1D00FCC3DA /* Sources */ = {
			isa = PBXSourcesBuildPhase;
			buildActionMask = 2147483647;
			files = (
				A9FCC54C1BD72D1D00FCC3DA /* main.cpp in Sources */,
				A93B3E771BFCF77F0003A3A6 /* Sound.cpp in Sources */,
			);
			runOnlyForDeploymentPostprocessing = 0;
		};
/* End PBXSourcesBuildPhase section */

/* Begin XCBuildConfiguration section */
		A9FCC54D1BD72D1D00FCC3DA /* Debug */ = {
			isa = XCBuildConfiguration;
			buildSettings = {
				ALWAYS_SEARCH_USER_PATHS = NO;
				CLANG_CXX_LANGUAGE_STANDARD = "gnu++0x";
				CLANG_CXX_LIBRARY = "libc++";
				CLANG_ENABLE_MODULES = YES;
				CLANG_ENABLE_OBJC_ARC = YES;
				CLANG_WARN_BOOL_CONVERSION = YES;
				CLANG_WARN_CONSTANT_CONVERSION = YES;
				CLANG_WARN_DIRECT_OBJC_ISA_USAGE = YES_ERROR;
				CLANG_WARN_EMPTY_BODY = YES;
				CLANG_WARN_ENUM_CONVERSION = YES;
				CLANG_WARN_INT_CONVERSION = YES;
				CLANG_WARN_OBJC_ROOT_CLASS = YES_ERROR;
				CLANG_WARN_UNREACHABLE_CODE = YES;
				CLANG_WARN__DUPLICATE_METHOD_MATCH = YES;
				COPY_PHASE_STRIP = NO;
				DEBUG_INFORMATION_FORMAT = dwarf;
				ENABLE_STRICT_OBJC_MSGSEND = YES;
				ENABLE_TESTABILITY = YES;
				GCC_C_LANGUAGE_STANDARD = gnu99;
				GCC_DYNAMIC_NO_PIC = NO;
				GCC_NO_COMMON_BLOCKS = YES;
				GCC_OPTIMIZATION_LEVEL = 0;
				GCC_PREPROCESSOR_DEFINITIONS = (
					"DEBUG=1",
					"$(inherited)",
				);
				GCC_WARN_64_TO_32_BIT_CONVERSION = YES;
				GCC_WARN_ABOUT_RETURN_TYPE = YES_ERROR;
				GCC_WARN_UNDECLARED_SELECTOR = YES;
				GCC_WARN_UNINITIALIZED_AUTOS = YES_AGGRESSIVE;
				GCC_WARN_UNUSED_FUNCTION = YES;
				GCC_WARN_UNUSED_VARIABLE = YES;
				MACOSX_DEPLOYMENT_TARGET = 10.10;
				MTL_ENABLE_DEBUG_INFO = YES;
				ONLY_ACTIVE_ARCH = YES;
				SDKROOT = macosx;
			};
			name = Debug;
		};
		A9FCC54E1BD72D1D00FCC3DA /* Release */ = {
			isa = XCBuildConfiguration;
			buildSettings = {
				ALWAYS_SEARCH_USER_PATHS = NO;
				CLANG_CXX_LANGUAGE_STANDARD = "gnu++0x";
				CLANG_CXX_LIBRARY = "libc++";
				CLANG_ENABLE_MODULES = YES;
				CLANG_ENABLE_OBJC_ARC = YES;
				CLANG_WARN_BOOL_CONVERSION = YES;
				CLANG_WARN_CONSTANT_CONVERSION = YES;
				CLANG_WARN_DIRECT_OBJC_ISA_USAGE = YES_ERROR;
				CLANG_WARN_EMPTY_BODY = YES;
				CLANG_WARN_ENUM_CONVERSION = YES;
				CLANG_WARN_INT_CONVERSION = YES;
				CLANG_WARN_OBJC_ROOT_CLASS = YES_ERROR;
				CLANG_WARN_UNREACHABLE_CODE = YES;
				CLANG_WARN__DUPLICATE_METHOD_MATCH = YES;
				COPY_PHASE_STRIP = NO;
				DEBUG_INFORMATION_FORMAT = "dwarf-with-dsym";
				ENABLE_NS_ASSERTIONS = NO;
				ENABLE_STRICT_OBJC_MSGSEND = YES;
				GCC_C_LANGUAGE_STANDARD = gnu99;
				GCC_NO_COMMON_BLOCKS = YES;
				GCC_WARN_64_TO_32_BIT_CONVERSION = YES;
				GCC_WARN_ABOUT_RETURN_TYPE = YES_ERROR;
				GCC_WARN_UNDECLARED_SELECTOR = YES;
				GCC_WARN_UNINITIALIZED_AUTOS = YES_AGGRESSIVE;
				GCC_WARN_UNUSED_FUNCTION = YES;
				GCC_WARN_UNUSED_VARIABLE = YES;
				MACOSX_DEPLOYMENT_TARGET = 10.10;
				MTL_ENABLE_DEBUG_INFO = NO;
				SDKROOT = macosx;
			};
			name = Release;
		};
		A9FCC5501BD72D1D00FCC3DA /* Debug */ = {
			isa = XCBuildConfiguration;
			buildSettings = {
				PRODUCT_NAME = "$(TARGET_NAME)";
			};
			name = Debug;
		};
		A9FCC5511BD72D1D00FCC3DA /* Release */ = {
			isa = XCBuildConfiguration;
			buildSettings = {
				PRODUCT_NAME = "$(TARGET_NAME)";
			};
			name = Release;
		};
/* End XCBuildConfiguration section */

/* Begin XCConfigurationList section */
		A9FCC5431BD72D1D00FCC3DA /* Build configuration list for PBXProject "SeedInvaders" */ = {
			isa = XCConfigurationList;
			buildConfigurations = (
				A9FCC54D1BD72D1D00FCC3DA /* Debug */,
				A9FCC54E1BD72D1D00FCC3DA /* Release */,
			);
			defaultConfigurationIsVisible = 0;
			defaultConfigurationName = Release;
		};
		A9FCC54F1BD72D1D00FCC3DA /* Build configuration list for PBXNativeTarget "SeedInvaders" */ = {
			isa = XCConfigurationList;
			buildConfigurations = (
				A9FCC5501BD72D1D00FCC3DA /* Debug */,
				A9FCC5511BD72D1D00FCC3DA /* Release */,
			);
			defaultConfigurationIsVisible = 0;
			defaultConfigurationName = Release;
		};
/* End XCConfigurationList section */
	};
	rootObject = A9FCC5401BD72D1D00FCC3DA /* Project object */;
}
